
Microsoft Visual Studio Solution File, Format Version 12.00
# Visual Studio Version 16
VisualStudioVersion = 16.0.29409.12
MinimumVisualStudioVersion = 10.0.40219.1
Project("{FAE04EC0-301F-11D3-BF4B-00C04F79EFBC}") = "api", "api.csproj", "{0B0260BB-DC55-45B7-BAF8-235BBC67CDED}"
EndProject
Global
	GlobalSection(SolutionConfigurationPlatforms) = preSolution
		Debug|Any CPU = Debug|Any CPU
		Release|Any CPU = Release|Any CPU
	EndGlobalSection
	GlobalSection(ProjectConfigurationPlatforms) = postSolution
		{0B0260BB-DC55-45B7-BAF8-235BBC67CDED}.Debug|Any CPU.ActiveCfg = Debug|Any CPU
		{0B0260BB-DC55-45B7-BAF8-235BBC67CDED}.Debug|Any CPU.Build.0 = Debug|Any CPU
		{0B0260BB-DC55-45B7-BAF8-235BBC67CDED}.Release|Any CPU.ActiveCfg = Release|Any CPU
		{0B0260BB-DC55-45B7-BAF8-235BBC67CDED}.Release|Any CPU.Build.0 = Release|Any CPU
	EndGlobalSection
	GlobalSection(SolutionProperties) = preSolution
		HideSolutionNode = FALSE
	EndGlobalSection
	GlobalSection(ExtensibilityGlobals) = postSolution
		SolutionGuid = {5AA55EC8-14F8-4F1E-A806-4CBCF59157BD}
	EndGlobalSection
EndGlobal
